
Microsoft Visual Studio Solution File, Format Version 12.00
# Visual Studio Version 16
VisualStudioVersion = 16.0.31624.102
MinimumVisualStudioVersion = 10.0.40219.1
Project("{9A19103F-16F7-4668-BE54-9A1E7A4F7556}") = "AdventureWorksLT_API", ".\AdventureWorksLT_API\AdventureWorksLT_API.csproj", "{020B0011-B205-42DB-9A16-DE2BCB39F74A}"
EndProject
Project("{9A19103F-16F7-4668-BE54-9A1E7A4F7556}") = "AdventureWorksLT_DA", ".\AdventureWorksLT_DA\AdventureWorksLT_DA.csproj", "{16B6567C-D529-4E89-8A05-4B3565148D2A}"
EndProject
Global
	GlobalSection(SolutionConfigurationPlatforms) = preSolution
		Debug|Any CPU = Debug|Any CPU
		Release|Any CPU = Release|Any CPU
	EndGlobalSection
	GlobalSection(ProjectConfigurationPlatforms) = postSolution
		{020B0011-B205-42DB-9A16-DE2BCB39F74A}.Debug|Any CPU.ActiveCfg = Debug|Any CPU
		{020B0011-B205-42DB-9A16-DE2BCB39F74A}.Debug|Any CPU.Build.0 = Debug|Any CPU
		{020B0011-B205-42DB-9A16-DE2BCB39F74A}.Release|Any CPU.ActiveCfg = Release|Any CPU
		{020B0011-B205-42DB-9A16-DE2BCB39F74A}.Release|Any CPU.Build.0 = Release|Any CPU
		{16B6567C-D529-4E89-8A05-4B3565148D2A}.Debug|Any CPU.ActiveCfg = Debug|Any CPU
		{16B6567C-D529-4E89-8A05-4B3565148D2A}.Debug|Any CPU.Build.0 = Debug|Any CPU
		{16B6567C-D529-4E89-8A05-4B3565148D2A}.Release|Any CPU.ActiveCfg = Release|Any CPU
		{16B6567C-D529-4E89-8A05-4B3565148D2A}.Release|Any CPU.Build.0 = Release|Any CPU
	EndGlobalSection
	GlobalSection(SolutionProperties) = preSolution
		HideSolutionNode = FALSE
	EndGlobalSection
	GlobalSection(ExtensibilityGlobals) = postSolution
		SolutionGuid = {4A9FAAC0-238B-4189-BD65-BC3BB52A40F0}
	EndGlobalSection
EndGlobal
